
Microsoft Visual Studio Solution File, Format Version 12.00
Project("{FAE04EC0-301F-11D3-BF4B-00C04F79EFBC}") = "Aula01.Web", "Aula01.Web\Aula01.Web.csproj", "{165A7785-17FE-436E-A3D2-95D8016E91BD}"
EndProject
Project("{FAE04EC0-301F-11D3-BF4B-00C04F79EFBC}") = "Aula02.Web", "Aula02.Web\Aula02.Web.csproj", "{53A72D13-8072-4835-A3FC-0BFB64BE22A6}"
EndProject
Project("{FAE04EC0-301F-11D3-BF4B-00C04F79EFBC}") = "Aula03.Web", "Aula03.Web\Aula03.Web.csproj", "{883620C3-001C-4450-B9B2-EA9B1702B2C7}"
EndProject
Project("{FAE04EC0-301F-11D3-BF4B-00C04F79EFBC}") = "Aula04.Web", "Aula04.Web\Aula04.Web.csproj", "{8A2639FF-6E4B-4E41-8B97-E79A6645A347}"
EndProject
Project("{FAE04EC0-301F-11D3-BF4B-00C04F79EFBC}") = "Aula05.Web", "Aula05.Web\Aula05.Web.csproj", "{34091690-1212-4D1C-AD3B-211B762B1D41}"
EndProject
Global
	GlobalSection(SolutionConfigurationPlatforms) = preSolution
		Debug|Any CPU = Debug|Any CPU
		Debug|x64 = Debug|x64
		Debug|x86 = Debug|x86
		Release|Any CPU = Release|Any CPU
		Release|x64 = Release|x64
		Release|x86 = Release|x86
	EndGlobalSection
	GlobalSection(ProjectConfigurationPlatforms) = postSolution
		{165A7785-17FE-436E-A3D2-95D8016E91BD}.Debug|Any CPU.ActiveCfg = Debug|Any CPU
		{165A7785-17FE-436E-A3D2-95D8016E91BD}.Debug|Any CPU.Build.0 = Debug|Any CPU
		{165A7785-17FE-436E-A3D2-95D8016E91BD}.Debug|x64.ActiveCfg = Debug|Any CPU
		{165A7785-17FE-436E-A3D2-95D8016E91BD}.Debug|x64.Build.0 = Debug|Any CPU
		{165A7785-17FE-436E-A3D2-95D8016E91BD}.Debug|x86.ActiveCfg = Debug|Any CPU
		{165A7785-17FE-436E-A3D2-95D8016E91BD}.Debug|x86.Build.0 = Debug|Any CPU
		{165A7785-17FE-436E-A3D2-95D8016E91BD}.Release|Any CPU.ActiveCfg = Release|Any CPU
		{165A7785-17FE-436E-A3D2-95D8016E91BD}.Release|Any CPU.Build.0 = Release|Any CPU
		{165A7785-17FE-436E-A3D2-95D8016E91BD}.Release|x64.ActiveCfg = Release|Any CPU
		{165A7785-17FE-436E-A3D2-95D8016E91BD}.Release|x64.Build.0 = Release|Any CPU
		{165A7785-17FE-436E-A3D2-95D8016E91BD}.Release|x86.ActiveCfg = Release|Any CPU
		{165A7785-17FE-436E-A3D2-95D8016E91BD}.Release|x86.Build.0 = Release|Any CPU
		{53A72D13-8072-4835-A3FC-0BFB64BE22A6}.Debug|Any CPU.ActiveCfg = Debug|Any CPU
		{53A72D13-8072-4835-A3FC-0BFB64BE22A6}.Debug|Any CPU.Build.0 = Debug|Any CPU
		{53A72D13-8072-4835-A3FC-0BFB64BE22A6}.Debug|x64.ActiveCfg = Debug|Any CPU
		{53A72D13-8072-4835-A3FC-0BFB64BE22A6}.Debug|x64.Build.0 = Debug|Any CPU
		{53A72D13-8072-4835-A3FC-0BFB64BE22A6}.Debug|x86.ActiveCfg = Debug|Any CPU
		{53A72D13-8072-4835-A3FC-0BFB64BE22A6}.Debug|x86.Build.0 = Debug|Any CPU
		{53A72D13-8072-4835-A3FC-0BFB64BE22A6}.Release|Any CPU.ActiveCfg = Release|Any CPU
		{53A72D13-8072-4835-A3FC-0BFB64BE22A6}.Release|Any CPU.Build.0 = Release|Any CPU
		{53A72D13-8072-4835-A3FC-0BFB64BE22A6}.Release|x64.ActiveCfg = Release|Any CPU
		{53A72D13-8072-4835-A3FC-0BFB64BE22A6}.Release|x64.Build.0 = Release|Any CPU
		{53A72D13-8072-4835-A3FC-0BFB64BE22A6}.Release|x86.ActiveCfg = Release|Any CPU
		{53A72D13-8072-4835-A3FC-0BFB64BE22A6}.Release|x86.Build.0 = Release|Any CPU
		{883620C3-001C-4450-B9B2-EA9B1702B2C7}.Debug|Any CPU.ActiveCfg = Debug|Any CPU
		{883620C3-001C-4450-B9B2-EA9B1702B2C7}.Debug|Any CPU.Build.0 = Debug|Any CPU
		{883620C3-001C-4450-B9B2-EA9B1702B2C7}.Debug|x64.ActiveCfg = Debug|Any CPU
		{883620C3-001C-4450-B9B2-EA9B1702B2C7}.Debug|x64.Build.0 = Debug|Any CPU
		{883620C3-001C-4450-B9B2-EA9B1702B2C7}.Debug|x86.ActiveCfg = Debug|Any CPU
		{883620C3-001C-4450-B9B2-EA9B1702B2C7}.Debug|x86.Build.0 = Debug|Any CPU
		{883620C3-001C-4450-B9B2-EA9B1702B2C7}.Release|Any CPU.ActiveCfg = Release|Any CPU
		{883620C3-001C-4450-B9B2-EA9B1702B2C7}.Release|Any CPU.Build.0 = Release|Any CPU
		{883620C3-001C-4450-B9B2-EA9B1702B2C7}.Release|x64.ActiveCfg = Release|Any CPU
		{883620C3-001C-4450-B9B2-EA9B1702B2C7}.Release|x64.Build.0 = Release|Any CPU
		{883620C3-001C-4450-B9B2-EA9B1702B2C7}.Release|x86.ActiveCfg = Release|Any CPU
		{883620C3-001C-4450-B9B2-EA9B1702B2C7}.Release|x86.Build.0 = Release|Any CPU
		{8A2639FF-6E4B-4E41-8B97-E79A6645A347}.Debug|Any CPU.ActiveCfg = Debug|Any CPU
		{8A2639FF-6E4B-4E41-8B97-E79A6645A347}.Debug|Any CPU.Build.0 = Debug|Any CPU
		{8A2639FF-6E4B-4E41-8B97-E79A6645A347}.Debug|x64.ActiveCfg = Debug|Any CPU
		{8A2639FF-6E4B-4E41-8B97-E79A6645A347}.Debug|x64.Build.0 = Debug|Any CPU
		{8A2639FF-6E4B-4E41-8B97-E79A6645A347}.Debug|x86.ActiveCfg = Debug|Any CPU
		{8A2639FF-6E4B-4E41-8B97-E79A6645A347}.Debug|x86.Build.0 = Debug|Any CPU
		{8A2639FF-6E4B-4E41-8B97-E79A6645A347}.Release|Any CPU.ActiveCfg = Release|Any CPU
		{8A2639FF-6E4B-4E41-8B97-E79A6645A347}.Release|Any CPU.Build.0 = Release|Any CPU
		{8A2639FF-6E4B-4E41-8B97-E79A6645A347}.Release|x64.ActiveCfg = Release|Any CPU
		{8A2639FF-6E4B-4E41-8B97-E79A6645A347}.Release|x64.Build.0 = Release|Any CPU
		{8A2639FF-6E4B-4E41-8B97-E79A6645A347}.Release|x86.ActiveCfg = Release|Any CPU
		{8A2639FF-6E4B-4E41-8B97-E79A6645A347}.Release|x86.Build.0 = Release|Any CPU
		{34091690-1212-4D1C-AD3B-211B762B1D41}.Debug|Any CPU.ActiveCfg = Debug|Any CPU
		{34091690-1212-4D1C-AD3B-211B762B1D41}.Debug|Any CPU.Build.0 = Debug|Any CPU
		{34091690-1212-4D1C-AD3B-211B762B1D41}.Debug|x64.ActiveCfg = Debug|Any CPU
		{34091690-1212-4D1C-AD3B-211B762B1D41}.Debug|x64.Build.0 = Debug|Any CPU
		{34091690-1212-4D1C-AD3B-211B762B1D41}.Debug|x86.ActiveCfg = Debug|Any CPU
		{34091690-1212-4D1C-AD3B-211B762B1D41}.Debug|x86.Build.0 = Debug|Any CPU
		{34091690-1212-4D1C-AD3B-211B762B1D41}.Release|Any CPU.ActiveCfg = Release|Any CPU
		{34091690-1212-4D1C-AD3B-211B762B1D41}.Release|Any CPU.Build.0 = Release|Any CPU
		{34091690-1212-4D1C-AD3B-211B762B1D41}.Release|x64.ActiveCfg = Release|Any CPU
		{34091690-1212-4D1C-AD3B-211B762B1D41}.Release|x64.Build.0 = Release|Any CPU
		{34091690-1212-4D1C-AD3B-211B762B1D41}.Release|x86.ActiveCfg = Release|Any CPU
		{34091690-1212-4D1C-AD3B-211B762B1D41}.Release|x86.Build.0 = Release|Any CPU
	EndGlobalSection
	GlobalSection(SolutionProperties) = preSolution
		HideSolutionNode = FALSE
	EndGlobalSection
EndGlobal
